{
  "nodes": {
    "flake-utils": {
      "inputs": {
        "systems": "systems"
      },
      "locked": {
        "lastModified": 1705309234,
        "narHash": "sha256-uNRRNRKmJyCRC/8y1RqBkqWBLM034y4qN7EprSdmgyA=",
        "owner": "numtide",
        "repo": "flake-utils",
        "rev": "1ef2e671c3b0c19053962c07dbda38332dcebf26",
        "type": "github"
      },
      "original": {
        "id": "flake-utils",
        "type": "indirect"
      }
    },
    "home-manager": {
      "inputs": {
        "nixpkgs": [
          "nixpkgs"
        ]
      },
      "locked": {
        "lastModified": 1723986931,
        "narHash": "sha256-Fy+KEvDQ+Hc8lJAV3t6leXhZJ2ncU5/esxkgt3b8DEY=",
        "owner": "nix-community",
        "repo": "home-manager",
        "rev": "2598861031b78aadb4da7269df7ca9ddfc3e1671",
        "type": "github"
      },
      "original": {
        "owner": "nix-community",
        "repo": "home-manager",
        "type": "github"
      }
    },
    "nixpkgs": {
      "locked": {
        "lastModified": 1724224976,
        "narHash": "sha256-Z/ELQhrSd7bMzTO8r7NZgi9g5emh+aRKoCdaAv5fiO0=",
        "owner": "nixos",
        "repo": "nixpkgs",
        "rev": "c374d94f1536013ca8e92341b540eba4c22f9c62",
        "type": "github"
      },
      "original": {
        "owner": "nixos",
        "ref": "nixos-unstable",
        "repo": "nixpkgs",
        "type": "github"
      }
    },
    "nixpkgs-stable": {
      "locked": {
        "lastModified": 1724242322,
        "narHash": "sha256-HMpK7hNjhEk4z5SFg5UtxEio9OWFocHdaQzCfW1pE7w=",
        "owner": "nixos",
        "repo": "nixpkgs",
        "rev": "224042e9a3039291f22f4f2ded12af95a616cca0",
        "type": "github"
      },
      "original": {
        "owner": "nixos",
        "ref": "nixos-24.05",
        "repo": "nixpkgs",
        "type": "github"
      }
    },
    "nixpkgs_2": {
      "locked": {
        "lastModified": 1708093448,
        "narHash": "sha256-gohEm3/NVyu7WINFhRf83yJH8UM2ie/KY9Iw3VN6fiE=",
        "owner": "NixOS",
        "repo": "nixpkgs",
        "rev": "c7763249f02b7786b4ca36e13a4d7365cfba162f",
        "type": "github"
      },
      "original": {
        "id": "nixpkgs",
        "type": "indirect"
      }
    },
    "root": {
      "inputs": {
        "home-manager": "home-manager",
        "nixpkgs": "nixpkgs",
        "nixpkgs-stable": "nixpkgs-stable",
        "yandex-music": "yandex-music"
      }
    },
    "systems": {
      "locked": {
        "lastModified": 1681028828,
        "narHash": "sha256-Vy1rq5AaRuLzOxct8nz4T6wlgyUR7zLU309k9mBC768=",
        "owner": "nix-systems",
        "repo": "default",
        "rev": "da67096a3b9bf56a91d16901293e51ba5b49a27e",
        "type": "github"
      },
      "original": {
        "owner": "nix-systems",
        "repo": "default",
        "type": "github"
      }
    },
    "yandex-music": {
      "inputs": {
        "flake-utils": "flake-utils",
        "nixpkgs": "nixpkgs_2",
        "ymExe": "ymExe"
      },
      "locked": {
        "lastModified": 1724287118,
        "narHash": "sha256-yQX2GEulAQ02BndpwAAwGdTYtUlNXCgsCUdmXxPwtKU=",
        "owner": "cucumber-sp",
        "repo": "yandex-music-linux",
        "rev": "4ac238a00ca0b36e9755e55e54a22d3107ba443c",
        "type": "github"
      },
      "original": {
        "owner": "cucumber-sp",
        "repo": "yandex-music-linux",
        "type": "github"
      }
    },
    "ymExe": {
      "flake": false,
      "locked": {
        "narHash": "sha256-8oPwDSsM8UtxltyVtUASneqWaeIn4NFhIpnsA7dSIk0=",
        "type": "file",
        "url": "https://music-desktop-application.s3.yandex.net/stable/Yandex_Music_x64_5.13.2.exe"
      },
      "original": {
        "type": "file",
        "url": "https://music-desktop-application.s3.yandex.net/stable/Yandex_Music_x64_5.13.2.exe"
      }
    }
  },
  "root": "root",
  "version": 7
}
