{
  "nodes": {
    "flake-utils": {
      "inputs": {
        "systems": "systems"
      },
      "locked": {
        "lastModified": 1705309234,
        "narHash": "sha256-uNRRNRKmJyCRC/8y1RqBkqWBLM034y4qN7EprSdmgyA=",
        "owner": "numtide",
        "repo": "flake-utils",
        "rev": "1ef2e671c3b0c19053962c07dbda38332dcebf26",
        "type": "github"
      },
      "original": {
        "id": "flake-utils",
        "type": "indirect"
      }
    },
    "home-manager": {
      "inputs": {
        "nixpkgs": [
          "nixpkgs"
        ]
      },
      "locked": {
        "lastModified": 1725863684,
        "narHash": "sha256-HmdTBpuCsw35Ii35JUKO6AE6nae+kJliQb0XGd4hoLE=",
        "owner": "nix-community",
        "repo": "home-manager",
        "rev": "be47a2bdf278c57c2d05e747a13ed31cef54a037",
        "type": "github"
      },
      "original": {
        "owner": "nix-community",
        "repo": "home-manager",
        "type": "github"
      }
    },
    "nixpkgs": {
      "locked": {
        "lastModified": 1725634671,
        "narHash": "sha256-v3rIhsJBOMLR8e/RNWxr828tB+WywYIoajrZKFM+0Gg=",
        "owner": "nixos",
        "repo": "nixpkgs",
        "rev": "574d1eac1c200690e27b8eb4e24887f8df7ac27c",
        "type": "github"
      },
      "original": {
        "owner": "nixos",
        "ref": "nixos-unstable",
        "repo": "nixpkgs",
        "type": "github"
      }
    },
    "nixpkgs-stable": {
      "locked": {
        "lastModified": 1725693463,
        "narHash": "sha256-ZPzhebbWBOr0zRWW10FfqfbJlan3G96/h3uqhiFqmwg=",
        "owner": "nixos",
        "repo": "nixpkgs",
        "rev": "68e7dce0a6532e876980764167ad158174402c6f",
        "type": "github"
      },
      "original": {
        "owner": "nixos",
        "ref": "nixos-24.05",
        "repo": "nixpkgs",
        "type": "github"
      }
    },
    "nixpkgs_2": {
      "locked": {
        "lastModified": 1708093448,
        "narHash": "sha256-gohEm3/NVyu7WINFhRf83yJH8UM2ie/KY9Iw3VN6fiE=",
        "owner": "NixOS",
        "repo": "nixpkgs",
        "rev": "c7763249f02b7786b4ca36e13a4d7365cfba162f",
        "type": "github"
      },
      "original": {
        "id": "nixpkgs",
        "type": "indirect"
      }
    },
    "root": {
      "inputs": {
        "home-manager": "home-manager",
        "nixpkgs": "nixpkgs",
        "nixpkgs-stable": "nixpkgs-stable",
        "yandex-music": "yandex-music"
      }
    },
    "systems": {
      "locked": {
        "lastModified": 1681028828,
        "narHash": "sha256-Vy1rq5AaRuLzOxct8nz4T6wlgyUR7zLU309k9mBC768=",
        "owner": "nix-systems",
        "repo": "default",
        "rev": "da67096a3b9bf56a91d16901293e51ba5b49a27e",
        "type": "github"
      },
      "original": {
        "owner": "nix-systems",
        "repo": "default",
        "type": "github"
      }
    },
    "yandex-music": {
      "inputs": {
        "flake-utils": "flake-utils",
        "nixpkgs": "nixpkgs_2",
        "ymExe": "ymExe"
      },
      "locked": {
        "lastModified": 1725496778,
        "narHash": "sha256-c+OKyhbgpXMryc6QQH4b5cePlqyHeSfDh4kT2rU+Tpo=",
        "owner": "cucumber-sp",
        "repo": "yandex-music-linux",
        "rev": "98fed92683e2e5a49999d04b5559edd02eddf627",
        "type": "github"
      },
      "original": {
        "owner": "cucumber-sp",
        "repo": "yandex-music-linux",
        "type": "github"
      }
    },
    "ymExe": {
      "flake": false,
      "locked": {
        "narHash": "sha256-JcdIfz+evOf0D5YlQsmOEzGVkCgcGHoEpbGzTIwkmgw=",
        "type": "file",
        "url": "https://music-desktop-application.s3.yandex.net/stable/Yandex_Music_x64_5.15.0.exe"
      },
      "original": {
        "type": "file",
        "url": "https://music-desktop-application.s3.yandex.net/stable/Yandex_Music_x64_5.15.0.exe"
      }
    }
  },
  "root": "root",
  "version": 7
}
